
Microsoft Visual Studio Solution File, Format Version 12.00
# Visual Studio Version 16
VisualStudioVersion = 16.0.29911.84
MinimumVisualStudioVersion = 10.0.40219.1
Project("{FAE04EC0-301F-11D3-BF4B-00C04F79EFBC}") = "SnakeGame", "SnakeGame\SnakeGame.csproj", "{AD954494-A382-4424-BED1-B3E717F17E3E}"
EndProject
Global
	GlobalSection(SolutionConfigurationPlatforms) = preSolution
		Debug|Any CPU = Debug|Any CPU
		Release|Any CPU = Release|Any CPU
	EndGlobalSection
	GlobalSection(ProjectConfigurationPlatforms) = postSolution
		{AD954494-A382-4424-BED1-B3E717F17E3E}.Debug|Any CPU.ActiveCfg = Debug|Any CPU
		{AD954494-A382-4424-BED1-B3E717F17E3E}.Debug|Any CPU.Build.0 = Debug|Any CPU
		{AD954494-A382-4424-BED1-B3E717F17E3E}.Release|Any CPU.ActiveCfg = Release|Any CPU
		{AD954494-A382-4424-BED1-B3E717F17E3E}.Release|Any CPU.Build.0 = Release|Any CPU
	EndGlobalSection
	GlobalSection(SolutionProperties) = preSolution
		HideSolutionNode = FALSE
	EndGlobalSection
	GlobalSection(ExtensibilityGlobals) = postSolution
		SolutionGuid = {0E0D9969-B53C-45EF-BF7B-16E4126A7F71}
	EndGlobalSection
EndGlobal
